
Microsoft Visual Studio Solution File, Format Version 11.00
# Visual Studio 2010
Project("{FAE04EC0-301F-11D3-BF4B-00C04F79EFBC}") = "Socket_DQN", "Assembly-CSharp.csproj", "{4CB1105F-D251-2E29-5171-59328644544D}"
EndProject
Project("{FAE04EC0-301F-11D3-BF4B-00C04F79EFBC}") = "Socket_DQN", "Assembly-CSharp-firstpass.csproj", "{96E8D51F-049E-B396-73B7-573826BB9BD7}"
EndProject
Project("{FAE04EC0-301F-11D3-BF4B-00C04F79EFBC}") = "Socket_DQN", "Assembly-CSharp-Editor.csproj", "{8091E438-81EF-C4E1-3768-E90941EB061C}"
EndProject
Global
	GlobalSection(SolutionConfigurationPlatforms) = preSolution
		Debug|Any CPU = Debug|Any CPU
		Release|Any CPU = Release|Any CPU
	EndGlobalSection
	GlobalSection(ProjectConfigurationPlatforms) = postSolution
		{4CB1105F-D251-2E29-5171-59328644544D}.Debug|Any CPU.ActiveCfg = Debug|Any CPU
		{4CB1105F-D251-2E29-5171-59328644544D}.Debug|Any CPU.Build.0 = Debug|Any CPU
		{4CB1105F-D251-2E29-5171-59328644544D}.Release|Any CPU.ActiveCfg = Release|Any CPU
		{4CB1105F-D251-2E29-5171-59328644544D}.Release|Any CPU.Build.0 = Release|Any CPU
		{96E8D51F-049E-B396-73B7-573826BB9BD7}.Debug|Any CPU.ActiveCfg = Debug|Any CPU
		{96E8D51F-049E-B396-73B7-573826BB9BD7}.Debug|Any CPU.Build.0 = Debug|Any CPU
		{96E8D51F-049E-B396-73B7-573826BB9BD7}.Release|Any CPU.ActiveCfg = Release|Any CPU
		{96E8D51F-049E-B396-73B7-573826BB9BD7}.Release|Any CPU.Build.0 = Release|Any CPU
		{8091E438-81EF-C4E1-3768-E90941EB061C}.Debug|Any CPU.ActiveCfg = Debug|Any CPU
		{8091E438-81EF-C4E1-3768-E90941EB061C}.Debug|Any CPU.Build.0 = Debug|Any CPU
		{8091E438-81EF-C4E1-3768-E90941EB061C}.Release|Any CPU.ActiveCfg = Release|Any CPU
		{8091E438-81EF-C4E1-3768-E90941EB061C}.Release|Any CPU.Build.0 = Release|Any CPU
	EndGlobalSection
	GlobalSection(SolutionProperties) = preSolution
		HideSolutionNode = FALSE
	EndGlobalSection
	GlobalSection(MonoDevelopProperties) = preSolution
		StartupItem = Assembly-CSharp.csproj
	EndGlobalSection
EndGlobal
